
Microsoft Visual Studio Solution File, Format Version 12.00
# Visual Studio 15
VisualStudioVersion = 15.0.28307.1259
MinimumVisualStudioVersion = 10.0.40219.1
Project("{8BC9CEB8-8B4A-11D0-8D11-00A0C91BC942}") = "6-3", "6-3\6-3.vcxproj", "{F755BD53-8F1B-4917-A292-EB61CC031FD2}"
EndProject
Global
	GlobalSection(SolutionConfigurationPlatforms) = preSolution
		Debug|x64 = Debug|x64
		Debug|x86 = Debug|x86
		Release|x64 = Release|x64
		Release|x86 = Release|x86
	EndGlobalSection
	GlobalSection(ProjectConfigurationPlatforms) = postSolution
		{F755BD53-8F1B-4917-A292-EB61CC031FD2}.Debug|x64.ActiveCfg = Debug|x64
		{F755BD53-8F1B-4917-A292-EB61CC031FD2}.Debug|x64.Build.0 = Debug|x64
		{F755BD53-8F1B-4917-A292-EB61CC031FD2}.Debug|x86.ActiveCfg = Debug|Win32
		{F755BD53-8F1B-4917-A292-EB61CC031FD2}.Debug|x86.Build.0 = Debug|Win32
		{F755BD53-8F1B-4917-A292-EB61CC031FD2}.Release|x64.ActiveCfg = Release|x64
		{F755BD53-8F1B-4917-A292-EB61CC031FD2}.Release|x64.Build.0 = Release|x64
		{F755BD53-8F1B-4917-A292-EB61CC031FD2}.Release|x86.ActiveCfg = Release|Win32
		{F755BD53-8F1B-4917-A292-EB61CC031FD2}.Release|x86.Build.0 = Release|Win32
	EndGlobalSection
	GlobalSection(SolutionProperties) = preSolution
		HideSolutionNode = FALSE
	EndGlobalSection
	GlobalSection(ExtensibilityGlobals) = postSolution
		SolutionGuid = {6348273E-6523-42ED-8EEC-41EBB1582ED9}
	EndGlobalSection
EndGlobal
