
Microsoft Visual Studio Solution File, Format Version 12.00
# Visual Studio 15
VisualStudioVersion = 15.0.28307.1259
MinimumVisualStudioVersion = 10.0.40219.1
Project("{8BC9CEB8-8B4A-11D0-8D11-00A0C91BC942}") = "17-1", "17-1\17-1.vcxproj", "{76EDA188-7A63-44E3-855F-639B87611ED9}"
EndProject
Project("{8BC9CEB8-8B4A-11D0-8D11-00A0C91BC942}") = "17-2", "17-2\17-2.vcxproj", "{6CD0AD47-F82B-4D73-8A3D-4B53DD2F1E12}"
EndProject
Project("{8BC9CEB8-8B4A-11D0-8D11-00A0C91BC942}") = "17复习题", "17复习题\17复习题.vcxproj", "{277481C4-8A61-4C81-8DA7-E4FCDEABE763}"
EndProject
Project("{8BC9CEB8-8B4A-11D0-8D11-00A0C91BC942}") = "17-3命令行参数", "17-3\17-3.vcxproj", "{90813CBA-5ADA-48A4-953F-53761CAC85F8}"
EndProject
Project("{8BC9CEB8-8B4A-11D0-8D11-00A0C91BC942}") = "17-4", "17-4\17-4.vcxproj", "{EF12CAAA-0357-4A00-9531-585FA1A17B1C}"
EndProject
Project("{8BC9CEB8-8B4A-11D0-8D11-00A0C91BC942}") = "17-5输入", "17-5\17-5.vcxproj", "{970A0E1B-DCCD-4C39-A5AF-3B0B01B99EF1}"
EndProject
Project("{8BC9CEB8-8B4A-11D0-8D11-00A0C91BC942}") = "16-8set", "..\16\16-8\16-8.vcxproj", "{D9A0392C-0A52-439F-A05B-33E0C9793BD4}"
EndProject
Project("{8BC9CEB8-8B4A-11D0-8D11-00A0C91BC942}") = "16-9vector list -sort", "..\16\16-9\16-9.vcxproj", "{120035BA-A502-4F4F-AD1F-F53D9145C7AF}"
EndProject
Project("{8BC9CEB8-8B4A-11D0-8D11-00A0C91BC942}") = "17-5输出", "17-5输出\17-5输出.vcxproj", "{F88DF4B7-C199-48EA-A361-BD2E853C5316}"
EndProject
Project("{8BC9CEB8-8B4A-11D0-8D11-00A0C91BC942}") = "17-6 菱形继承，文件输入输出", "17-6\17-6.vcxproj", "{5D6FED9F-7CF4-45AE-B280-955731CC6735}"
EndProject
Project("{8BC9CEB8-8B4A-11D0-8D11-00A0C91BC942}") = "14-5", "..\14-1\14-5\14-5.vcxproj", "{7EE13461-907A-47FB-B5CE-C9E33A097854}"
EndProject
Project("{8BC9CEB8-8B4A-11D0-8D11-00A0C91BC942}") = "17-7", "17-7\17-7.vcxproj", "{7092C325-C26E-4155-8C8E-9F47163A9B6A}"
EndProject
Global
	GlobalSection(SolutionConfigurationPlatforms) = preSolution
		Debug|x64 = Debug|x64
		Debug|x86 = Debug|x86
		Release|x64 = Release|x64
		Release|x86 = Release|x86
	EndGlobalSection
	GlobalSection(ProjectConfigurationPlatforms) = postSolution
		{76EDA188-7A63-44E3-855F-639B87611ED9}.Debug|x64.ActiveCfg = Debug|x64
		{76EDA188-7A63-44E3-855F-639B87611ED9}.Debug|x64.Build.0 = Debug|x64
		{76EDA188-7A63-44E3-855F-639B87611ED9}.Debug|x86.ActiveCfg = Debug|Win32
		{76EDA188-7A63-44E3-855F-639B87611ED9}.Debug|x86.Build.0 = Debug|Win32
		{76EDA188-7A63-44E3-855F-639B87611ED9}.Release|x64.ActiveCfg = Release|x64
		{76EDA188-7A63-44E3-855F-639B87611ED9}.Release|x64.Build.0 = Release|x64
		{76EDA188-7A63-44E3-855F-639B87611ED9}.Release|x86.ActiveCfg = Release|Win32
		{76EDA188-7A63-44E3-855F-639B87611ED9}.Release|x86.Build.0 = Release|Win32
		{6CD0AD47-F82B-4D73-8A3D-4B53DD2F1E12}.Debug|x64.ActiveCfg = Debug|x64
		{6CD0AD47-F82B-4D73-8A3D-4B53DD2F1E12}.Debug|x64.Build.0 = Debug|x64
		{6CD0AD47-F82B-4D73-8A3D-4B53DD2F1E12}.Debug|x86.ActiveCfg = Debug|Win32
		{6CD0AD47-F82B-4D73-8A3D-4B53DD2F1E12}.Debug|x86.Build.0 = Debug|Win32
		{6CD0AD47-F82B-4D73-8A3D-4B53DD2F1E12}.Release|x64.ActiveCfg = Release|x64
		{6CD0AD47-F82B-4D73-8A3D-4B53DD2F1E12}.Release|x64.Build.0 = Release|x64
		{6CD0AD47-F82B-4D73-8A3D-4B53DD2F1E12}.Release|x86.ActiveCfg = Release|Win32
		{6CD0AD47-F82B-4D73-8A3D-4B53DD2F1E12}.Release|x86.Build.0 = Release|Win32
		{277481C4-8A61-4C81-8DA7-E4FCDEABE763}.Debug|x64.ActiveCfg = Debug|x64
		{277481C4-8A61-4C81-8DA7-E4FCDEABE763}.Debug|x64.Build.0 = Debug|x64
		{277481C4-8A61-4C81-8DA7-E4FCDEABE763}.Debug|x86.ActiveCfg = Debug|Win32
		{277481C4-8A61-4C81-8DA7-E4FCDEABE763}.Debug|x86.Build.0 = Debug|Win32
		{277481C4-8A61-4C81-8DA7-E4FCDEABE763}.Release|x64.ActiveCfg = Release|x64
		{277481C4-8A61-4C81-8DA7-E4FCDEABE763}.Release|x64.Build.0 = Release|x64
		{277481C4-8A61-4C81-8DA7-E4FCDEABE763}.Release|x86.ActiveCfg = Release|Win32
		{277481C4-8A61-4C81-8DA7-E4FCDEABE763}.Release|x86.Build.0 = Release|Win32
		{90813CBA-5ADA-48A4-953F-53761CAC85F8}.Debug|x64.ActiveCfg = Debug|x64
		{90813CBA-5ADA-48A4-953F-53761CAC85F8}.Debug|x64.Build.0 = Debug|x64
		{90813CBA-5ADA-48A4-953F-53761CAC85F8}.Debug|x86.ActiveCfg = Debug|Win32
		{90813CBA-5ADA-48A4-953F-53761CAC85F8}.Debug|x86.Build.0 = Debug|Win32
		{90813CBA-5ADA-48A4-953F-53761CAC85F8}.Release|x64.ActiveCfg = Release|x64
		{90813CBA-5ADA-48A4-953F-53761CAC85F8}.Release|x64.Build.0 = Release|x64
		{90813CBA-5ADA-48A4-953F-53761CAC85F8}.Release|x86.ActiveCfg = Release|Win32
		{90813CBA-5ADA-48A4-953F-53761CAC85F8}.Release|x86.Build.0 = Release|Win32
		{EF12CAAA-0357-4A00-9531-585FA1A17B1C}.Debug|x64.ActiveCfg = Debug|x64
		{EF12CAAA-0357-4A00-9531-585FA1A17B1C}.Debug|x64.Build.0 = Debug|x64
		{EF12CAAA-0357-4A00-9531-585FA1A17B1C}.Debug|x86.ActiveCfg = Debug|Win32
		{EF12CAAA-0357-4A00-9531-585FA1A17B1C}.Debug|x86.Build.0 = Debug|Win32
		{EF12CAAA-0357-4A00-9531-585FA1A17B1C}.Release|x64.ActiveCfg = Release|x64
		{EF12CAAA-0357-4A00-9531-585FA1A17B1C}.Release|x64.Build.0 = Release|x64
		{EF12CAAA-0357-4A00-9531-585FA1A17B1C}.Release|x86.ActiveCfg = Release|Win32
		{EF12CAAA-0357-4A00-9531-585FA1A17B1C}.Release|x86.Build.0 = Release|Win32
		{970A0E1B-DCCD-4C39-A5AF-3B0B01B99EF1}.Debug|x64.ActiveCfg = Debug|x64
		{970A0E1B-DCCD-4C39-A5AF-3B0B01B99EF1}.Debug|x64.Build.0 = Debug|x64
		{970A0E1B-DCCD-4C39-A5AF-3B0B01B99EF1}.Debug|x86.ActiveCfg = Debug|Win32
		{970A0E1B-DCCD-4C39-A5AF-3B0B01B99EF1}.Debug|x86.Build.0 = Debug|Win32
		{970A0E1B-DCCD-4C39-A5AF-3B0B01B99EF1}.Release|x64.ActiveCfg = Release|x64
		{970A0E1B-DCCD-4C39-A5AF-3B0B01B99EF1}.Release|x64.Build.0 = Release|x64
		{970A0E1B-DCCD-4C39-A5AF-3B0B01B99EF1}.Release|x86.ActiveCfg = Release|Win32
		{970A0E1B-DCCD-4C39-A5AF-3B0B01B99EF1}.Release|x86.Build.0 = Release|Win32
		{D9A0392C-0A52-439F-A05B-33E0C9793BD4}.Debug|x64.ActiveCfg = Debug|x64
		{D9A0392C-0A52-439F-A05B-33E0C9793BD4}.Debug|x64.Build.0 = Debug|x64
		{D9A0392C-0A52-439F-A05B-33E0C9793BD4}.Debug|x86.ActiveCfg = Debug|Win32
		{D9A0392C-0A52-439F-A05B-33E0C9793BD4}.Debug|x86.Build.0 = Debug|Win32
		{D9A0392C-0A52-439F-A05B-33E0C9793BD4}.Release|x64.ActiveCfg = Release|x64
		{D9A0392C-0A52-439F-A05B-33E0C9793BD4}.Release|x64.Build.0 = Release|x64
		{D9A0392C-0A52-439F-A05B-33E0C9793BD4}.Release|x86.ActiveCfg = Release|Win32
		{D9A0392C-0A52-439F-A05B-33E0C9793BD4}.Release|x86.Build.0 = Release|Win32
		{120035BA-A502-4F4F-AD1F-F53D9145C7AF}.Debug|x64.ActiveCfg = Debug|x64
		{120035BA-A502-4F4F-AD1F-F53D9145C7AF}.Debug|x64.Build.0 = Debug|x64
		{120035BA-A502-4F4F-AD1F-F53D9145C7AF}.Debug|x86.ActiveCfg = Debug|Win32
		{120035BA-A502-4F4F-AD1F-F53D9145C7AF}.Debug|x86.Build.0 = Debug|Win32
		{120035BA-A502-4F4F-AD1F-F53D9145C7AF}.Release|x64.ActiveCfg = Release|x64
		{120035BA-A502-4F4F-AD1F-F53D9145C7AF}.Release|x64.Build.0 = Release|x64
		{120035BA-A502-4F4F-AD1F-F53D9145C7AF}.Release|x86.ActiveCfg = Release|Win32
		{120035BA-A502-4F4F-AD1F-F53D9145C7AF}.Release|x86.Build.0 = Release|Win32
		{F88DF4B7-C199-48EA-A361-BD2E853C5316}.Debug|x64.ActiveCfg = Debug|x64
		{F88DF4B7-C199-48EA-A361-BD2E853C5316}.Debug|x64.Build.0 = Debug|x64
		{F88DF4B7-C199-48EA-A361-BD2E853C5316}.Debug|x86.ActiveCfg = Debug|Win32
		{F88DF4B7-C199-48EA-A361-BD2E853C5316}.Debug|x86.Build.0 = Debug|Win32
		{F88DF4B7-C199-48EA-A361-BD2E853C5316}.Release|x64.ActiveCfg = Release|x64
		{F88DF4B7-C199-48EA-A361-BD2E853C5316}.Release|x64.Build.0 = Release|x64
		{F88DF4B7-C199-48EA-A361-BD2E853C5316}.Release|x86.ActiveCfg = Release|Win32
		{F88DF4B7-C199-48EA-A361-BD2E853C5316}.Release|x86.Build.0 = Release|Win32
		{5D6FED9F-7CF4-45AE-B280-955731CC6735}.Debug|x64.ActiveCfg = Debug|x64
		{5D6FED9F-7CF4-45AE-B280-955731CC6735}.Debug|x64.Build.0 = Debug|x64
		{5D6FED9F-7CF4-45AE-B280-955731CC6735}.Debug|x86.ActiveCfg = Debug|Win32
		{5D6FED9F-7CF4-45AE-B280-955731CC6735}.Debug|x86.Build.0 = Debug|Win32
		{5D6FED9F-7CF4-45AE-B280-955731CC6735}.Release|x64.ActiveCfg = Release|x64
		{5D6FED9F-7CF4-45AE-B280-955731CC6735}.Release|x64.Build.0 = Release|x64
		{5D6FED9F-7CF4-45AE-B280-955731CC6735}.Release|x86.ActiveCfg = Release|Win32
		{5D6FED9F-7CF4-45AE-B280-955731CC6735}.Release|x86.Build.0 = Release|Win32
		{7EE13461-907A-47FB-B5CE-C9E33A097854}.Debug|x64.ActiveCfg = Debug|x64
		{7EE13461-907A-47FB-B5CE-C9E33A097854}.Debug|x64.Build.0 = Debug|x64
		{7EE13461-907A-47FB-B5CE-C9E33A097854}.Debug|x86.ActiveCfg = Debug|Win32
		{7EE13461-907A-47FB-B5CE-C9E33A097854}.Debug|x86.Build.0 = Debug|Win32
		{7EE13461-907A-47FB-B5CE-C9E33A097854}.Release|x64.ActiveCfg = Release|x64
		{7EE13461-907A-47FB-B5CE-C9E33A097854}.Release|x64.Build.0 = Release|x64
		{7EE13461-907A-47FB-B5CE-C9E33A097854}.Release|x86.ActiveCfg = Release|Win32
		{7EE13461-907A-47FB-B5CE-C9E33A097854}.Release|x86.Build.0 = Release|Win32
		{7092C325-C26E-4155-8C8E-9F47163A9B6A}.Debug|x64.ActiveCfg = Debug|x64
		{7092C325-C26E-4155-8C8E-9F47163A9B6A}.Debug|x64.Build.0 = Debug|x64
		{7092C325-C26E-4155-8C8E-9F47163A9B6A}.Debug|x86.ActiveCfg = Debug|Win32
		{7092C325-C26E-4155-8C8E-9F47163A9B6A}.Debug|x86.Build.0 = Debug|Win32
		{7092C325-C26E-4155-8C8E-9F47163A9B6A}.Release|x64.ActiveCfg = Release|x64
		{7092C325-C26E-4155-8C8E-9F47163A9B6A}.Release|x64.Build.0 = Release|x64
		{7092C325-C26E-4155-8C8E-9F47163A9B6A}.Release|x86.ActiveCfg = Release|Win32
		{7092C325-C26E-4155-8C8E-9F47163A9B6A}.Release|x86.Build.0 = Release|Win32
	EndGlobalSection
	GlobalSection(SolutionProperties) = preSolution
		HideSolutionNode = FALSE
	EndGlobalSection
	GlobalSection(ExtensibilityGlobals) = postSolution
		SolutionGuid = {DCA6B9DC-DC57-4F6A-BE8F-D9F0EF169923}
	EndGlobalSection
EndGlobal
