
Microsoft Visual Studio Solution File, Format Version 12.00
# Visual Studio 15
VisualStudioVersion = 15.0.28307.1259
MinimumVisualStudioVersion = 10.0.40219.1
Project("{8BC9CEB8-8B4A-11D0-8D11-00A0C91BC942}") = "6-5", "6-5\6-5.vcxproj", "{BDE7BAEB-F69A-4994-A2D7-0A0898B48435}"
EndProject
Global
	GlobalSection(SolutionConfigurationPlatforms) = preSolution
		Debug|x64 = Debug|x64
		Debug|x86 = Debug|x86
		Release|x64 = Release|x64
		Release|x86 = Release|x86
	EndGlobalSection
	GlobalSection(ProjectConfigurationPlatforms) = postSolution
		{BDE7BAEB-F69A-4994-A2D7-0A0898B48435}.Debug|x64.ActiveCfg = Debug|x64
		{BDE7BAEB-F69A-4994-A2D7-0A0898B48435}.Debug|x64.Build.0 = Debug|x64
		{BDE7BAEB-F69A-4994-A2D7-0A0898B48435}.Debug|x86.ActiveCfg = Debug|Win32
		{BDE7BAEB-F69A-4994-A2D7-0A0898B48435}.Debug|x86.Build.0 = Debug|Win32
		{BDE7BAEB-F69A-4994-A2D7-0A0898B48435}.Release|x64.ActiveCfg = Release|x64
		{BDE7BAEB-F69A-4994-A2D7-0A0898B48435}.Release|x64.Build.0 = Release|x64
		{BDE7BAEB-F69A-4994-A2D7-0A0898B48435}.Release|x86.ActiveCfg = Release|Win32
		{BDE7BAEB-F69A-4994-A2D7-0A0898B48435}.Release|x86.Build.0 = Release|Win32
	EndGlobalSection
	GlobalSection(SolutionProperties) = preSolution
		HideSolutionNode = FALSE
	EndGlobalSection
	GlobalSection(ExtensibilityGlobals) = postSolution
		SolutionGuid = {C1DD2E2F-98FF-4D6A-887F-E13219D24C59}
	EndGlobalSection
EndGlobal
