
Microsoft Visual Studio Solution File, Format Version 12.00
# Visual Studio 15
VisualStudioVersion = 15.0.28307.1259
MinimumVisualStudioVersion = 10.0.40219.1
Project("{8BC9CEB8-8B4A-11D0-8D11-00A0C91BC942}") = "6-7", "6-7\6-7.vcxproj", "{15D3ACD2-A4F0-48FB-BEE3-E5C27C23BCF1}"
EndProject
Global
	GlobalSection(SolutionConfigurationPlatforms) = preSolution
		Debug|x64 = Debug|x64
		Debug|x86 = Debug|x86
		Release|x64 = Release|x64
		Release|x86 = Release|x86
	EndGlobalSection
	GlobalSection(ProjectConfigurationPlatforms) = postSolution
		{15D3ACD2-A4F0-48FB-BEE3-E5C27C23BCF1}.Debug|x64.ActiveCfg = Debug|x64
		{15D3ACD2-A4F0-48FB-BEE3-E5C27C23BCF1}.Debug|x64.Build.0 = Debug|x64
		{15D3ACD2-A4F0-48FB-BEE3-E5C27C23BCF1}.Debug|x86.ActiveCfg = Debug|Win32
		{15D3ACD2-A4F0-48FB-BEE3-E5C27C23BCF1}.Debug|x86.Build.0 = Debug|Win32
		{15D3ACD2-A4F0-48FB-BEE3-E5C27C23BCF1}.Release|x64.ActiveCfg = Release|x64
		{15D3ACD2-A4F0-48FB-BEE3-E5C27C23BCF1}.Release|x64.Build.0 = Release|x64
		{15D3ACD2-A4F0-48FB-BEE3-E5C27C23BCF1}.Release|x86.ActiveCfg = Release|Win32
		{15D3ACD2-A4F0-48FB-BEE3-E5C27C23BCF1}.Release|x86.Build.0 = Release|Win32
	EndGlobalSection
	GlobalSection(SolutionProperties) = preSolution
		HideSolutionNode = FALSE
	EndGlobalSection
	GlobalSection(ExtensibilityGlobals) = postSolution
		SolutionGuid = {E6C90D84-0D0E-4EAD-ACBB-5164BFA57E7B}
	EndGlobalSection
EndGlobal
