
Microsoft Visual Studio Solution File, Format Version 12.00
# Visual Studio 15
VisualStudioVersion = 15.0.28307.1259
MinimumVisualStudioVersion = 10.0.40219.1
Project("{8BC9CEB8-8B4A-11D0-8D11-00A0C91BC942}") = "12", "12\12.vcxproj", "{378CC634-A174-4454-B1DD-9BDB8E272759}"
EndProject
Project("{8BC9CEB8-8B4A-11D0-8D11-00A0C91BC942}") = "12-2", "12-2\12-2.vcxproj", "{FCC864DF-AA68-4235-9DC9-F96DE0CC3022}"
EndProject
Project("{8BC9CEB8-8B4A-11D0-8D11-00A0C91BC942}") = "12-3", "12-3\12-3.vcxproj", "{C72D58CD-D5F1-46F7-B51C-6FD0F669AE59}"
EndProject
Project("{8BC9CEB8-8B4A-11D0-8D11-00A0C91BC942}") = "12-4", "12-4\12-4.vcxproj", "{6E1FD37E-5E58-48ED-A3B0-D0AEFE035129}"
EndProject
Project("{8BC9CEB8-8B4A-11D0-8D11-00A0C91BC942}") = "12-5", "12-5\12-5.vcxproj", "{09FC3A02-C51B-4238-AD47-30B33551109C}"
EndProject
Global
	GlobalSection(SolutionConfigurationPlatforms) = preSolution
		Debug|x64 = Debug|x64
		Debug|x86 = Debug|x86
		Release|x64 = Release|x64
		Release|x86 = Release|x86
	EndGlobalSection
	GlobalSection(ProjectConfigurationPlatforms) = postSolution
		{378CC634-A174-4454-B1DD-9BDB8E272759}.Debug|x64.ActiveCfg = Debug|x64
		{378CC634-A174-4454-B1DD-9BDB8E272759}.Debug|x64.Build.0 = Debug|x64
		{378CC634-A174-4454-B1DD-9BDB8E272759}.Debug|x86.ActiveCfg = Debug|Win32
		{378CC634-A174-4454-B1DD-9BDB8E272759}.Debug|x86.Build.0 = Debug|Win32
		{378CC634-A174-4454-B1DD-9BDB8E272759}.Release|x64.ActiveCfg = Release|x64
		{378CC634-A174-4454-B1DD-9BDB8E272759}.Release|x64.Build.0 = Release|x64
		{378CC634-A174-4454-B1DD-9BDB8E272759}.Release|x86.ActiveCfg = Release|Win32
		{378CC634-A174-4454-B1DD-9BDB8E272759}.Release|x86.Build.0 = Release|Win32
		{FCC864DF-AA68-4235-9DC9-F96DE0CC3022}.Debug|x64.ActiveCfg = Debug|x64
		{FCC864DF-AA68-4235-9DC9-F96DE0CC3022}.Debug|x64.Build.0 = Debug|x64
		{FCC864DF-AA68-4235-9DC9-F96DE0CC3022}.Debug|x86.ActiveCfg = Debug|Win32
		{FCC864DF-AA68-4235-9DC9-F96DE0CC3022}.Debug|x86.Build.0 = Debug|Win32
		{FCC864DF-AA68-4235-9DC9-F96DE0CC3022}.Release|x64.ActiveCfg = Release|x64
		{FCC864DF-AA68-4235-9DC9-F96DE0CC3022}.Release|x64.Build.0 = Release|x64
		{FCC864DF-AA68-4235-9DC9-F96DE0CC3022}.Release|x86.ActiveCfg = Release|Win32
		{FCC864DF-AA68-4235-9DC9-F96DE0CC3022}.Release|x86.Build.0 = Release|Win32
		{C72D58CD-D5F1-46F7-B51C-6FD0F669AE59}.Debug|x64.ActiveCfg = Debug|x64
		{C72D58CD-D5F1-46F7-B51C-6FD0F669AE59}.Debug|x64.Build.0 = Debug|x64
		{C72D58CD-D5F1-46F7-B51C-6FD0F669AE59}.Debug|x86.ActiveCfg = Debug|Win32
		{C72D58CD-D5F1-46F7-B51C-6FD0F669AE59}.Debug|x86.Build.0 = Debug|Win32
		{C72D58CD-D5F1-46F7-B51C-6FD0F669AE59}.Release|x64.ActiveCfg = Release|x64
		{C72D58CD-D5F1-46F7-B51C-6FD0F669AE59}.Release|x64.Build.0 = Release|x64
		{C72D58CD-D5F1-46F7-B51C-6FD0F669AE59}.Release|x86.ActiveCfg = Release|Win32
		{C72D58CD-D5F1-46F7-B51C-6FD0F669AE59}.Release|x86.Build.0 = Release|Win32
		{6E1FD37E-5E58-48ED-A3B0-D0AEFE035129}.Debug|x64.ActiveCfg = Debug|x64
		{6E1FD37E-5E58-48ED-A3B0-D0AEFE035129}.Debug|x64.Build.0 = Debug|x64
		{6E1FD37E-5E58-48ED-A3B0-D0AEFE035129}.Debug|x86.ActiveCfg = Debug|Win32
		{6E1FD37E-5E58-48ED-A3B0-D0AEFE035129}.Debug|x86.Build.0 = Debug|Win32
		{6E1FD37E-5E58-48ED-A3B0-D0AEFE035129}.Release|x64.ActiveCfg = Release|x64
		{6E1FD37E-5E58-48ED-A3B0-D0AEFE035129}.Release|x64.Build.0 = Release|x64
		{6E1FD37E-5E58-48ED-A3B0-D0AEFE035129}.Release|x86.ActiveCfg = Release|Win32
		{6E1FD37E-5E58-48ED-A3B0-D0AEFE035129}.Release|x86.Build.0 = Release|Win32
		{09FC3A02-C51B-4238-AD47-30B33551109C}.Debug|x64.ActiveCfg = Debug|x64
		{09FC3A02-C51B-4238-AD47-30B33551109C}.Debug|x64.Build.0 = Debug|x64
		{09FC3A02-C51B-4238-AD47-30B33551109C}.Debug|x86.ActiveCfg = Debug|Win32
		{09FC3A02-C51B-4238-AD47-30B33551109C}.Debug|x86.Build.0 = Debug|Win32
		{09FC3A02-C51B-4238-AD47-30B33551109C}.Release|x64.ActiveCfg = Release|x64
		{09FC3A02-C51B-4238-AD47-30B33551109C}.Release|x64.Build.0 = Release|x64
		{09FC3A02-C51B-4238-AD47-30B33551109C}.Release|x86.ActiveCfg = Release|Win32
		{09FC3A02-C51B-4238-AD47-30B33551109C}.Release|x86.Build.0 = Release|Win32
	EndGlobalSection
	GlobalSection(SolutionProperties) = preSolution
		HideSolutionNode = FALSE
	EndGlobalSection
	GlobalSection(ExtensibilityGlobals) = postSolution
		SolutionGuid = {FB4D63AB-E2B3-42EF-A752-B6596DCDE104}
	EndGlobalSection
EndGlobal
