
Microsoft Visual Studio Solution File, Format Version 12.00
# Visual Studio 15
VisualStudioVersion = 15.0.28307.1259
MinimumVisualStudioVersion = 10.0.40219.1
Project("{8BC9CEB8-8B4A-11D0-8D11-00A0C91BC942}") = "11", "11\11.vcxproj", "{EF5B6E74-65AA-4AE4-82B6-6EDE1B529BA0}"
EndProject
Project("{8BC9CEB8-8B4A-11D0-8D11-00A0C91BC942}") = "11-2", "11-2\11-2.vcxproj", "{89F9365A-C8B4-4729-8391-9E39CEC550A5}"
EndProject
Project("{8BC9CEB8-8B4A-11D0-8D11-00A0C91BC942}") = "11-3", "11-3\11-3.vcxproj", "{B95A9982-D969-4EB7-9BF2-BE9A73083550}"
EndProject
Project("{8BC9CEB8-8B4A-11D0-8D11-00A0C91BC942}") = "11-4", "11-4\11-4.vcxproj", "{7F0D9DEC-4F02-4DA2-AF41-38B802008F3A}"
EndProject
Project("{8BC9CEB8-8B4A-11D0-8D11-00A0C91BC942}") = "11-5", "11-5\11-5.vcxproj", "{06AE669C-C626-4C5A-997A-6A08178F6A5C}"
EndProject
Project("{8BC9CEB8-8B4A-11D0-8D11-00A0C91BC942}") = "11-6", "11-6\11-6.vcxproj", "{9361CCAA-1EB3-4EE5-AE34-E48A66741CD4}"
EndProject
Project("{8BC9CEB8-8B4A-11D0-8D11-00A0C91BC942}") = "11-7", "11-7\11-7.vcxproj", "{563027A2-2710-47D1-9640-5C6EBEC993C7}"
EndProject
Global
	GlobalSection(SolutionConfigurationPlatforms) = preSolution
		Debug|x64 = Debug|x64
		Debug|x86 = Debug|x86
		Release|x64 = Release|x64
		Release|x86 = Release|x86
	EndGlobalSection
	GlobalSection(ProjectConfigurationPlatforms) = postSolution
		{EF5B6E74-65AA-4AE4-82B6-6EDE1B529BA0}.Debug|x64.ActiveCfg = Debug|x64
		{EF5B6E74-65AA-4AE4-82B6-6EDE1B529BA0}.Debug|x64.Build.0 = Debug|x64
		{EF5B6E74-65AA-4AE4-82B6-6EDE1B529BA0}.Debug|x86.ActiveCfg = Debug|Win32
		{EF5B6E74-65AA-4AE4-82B6-6EDE1B529BA0}.Debug|x86.Build.0 = Debug|Win32
		{EF5B6E74-65AA-4AE4-82B6-6EDE1B529BA0}.Release|x64.ActiveCfg = Release|x64
		{EF5B6E74-65AA-4AE4-82B6-6EDE1B529BA0}.Release|x64.Build.0 = Release|x64
		{EF5B6E74-65AA-4AE4-82B6-6EDE1B529BA0}.Release|x86.ActiveCfg = Release|Win32
		{EF5B6E74-65AA-4AE4-82B6-6EDE1B529BA0}.Release|x86.Build.0 = Release|Win32
		{89F9365A-C8B4-4729-8391-9E39CEC550A5}.Debug|x64.ActiveCfg = Debug|x64
		{89F9365A-C8B4-4729-8391-9E39CEC550A5}.Debug|x64.Build.0 = Debug|x64
		{89F9365A-C8B4-4729-8391-9E39CEC550A5}.Debug|x86.ActiveCfg = Debug|Win32
		{89F9365A-C8B4-4729-8391-9E39CEC550A5}.Debug|x86.Build.0 = Debug|Win32
		{89F9365A-C8B4-4729-8391-9E39CEC550A5}.Release|x64.ActiveCfg = Release|x64
		{89F9365A-C8B4-4729-8391-9E39CEC550A5}.Release|x64.Build.0 = Release|x64
		{89F9365A-C8B4-4729-8391-9E39CEC550A5}.Release|x86.ActiveCfg = Release|Win32
		{89F9365A-C8B4-4729-8391-9E39CEC550A5}.Release|x86.Build.0 = Release|Win32
		{B95A9982-D969-4EB7-9BF2-BE9A73083550}.Debug|x64.ActiveCfg = Debug|x64
		{B95A9982-D969-4EB7-9BF2-BE9A73083550}.Debug|x64.Build.0 = Debug|x64
		{B95A9982-D969-4EB7-9BF2-BE9A73083550}.Debug|x86.ActiveCfg = Debug|Win32
		{B95A9982-D969-4EB7-9BF2-BE9A73083550}.Debug|x86.Build.0 = Debug|Win32
		{B95A9982-D969-4EB7-9BF2-BE9A73083550}.Release|x64.ActiveCfg = Release|x64
		{B95A9982-D969-4EB7-9BF2-BE9A73083550}.Release|x64.Build.0 = Release|x64
		{B95A9982-D969-4EB7-9BF2-BE9A73083550}.Release|x86.ActiveCfg = Release|Win32
		{B95A9982-D969-4EB7-9BF2-BE9A73083550}.Release|x86.Build.0 = Release|Win32
		{7F0D9DEC-4F02-4DA2-AF41-38B802008F3A}.Debug|x64.ActiveCfg = Debug|x64
		{7F0D9DEC-4F02-4DA2-AF41-38B802008F3A}.Debug|x64.Build.0 = Debug|x64
		{7F0D9DEC-4F02-4DA2-AF41-38B802008F3A}.Debug|x86.ActiveCfg = Debug|Win32
		{7F0D9DEC-4F02-4DA2-AF41-38B802008F3A}.Debug|x86.Build.0 = Debug|Win32
		{7F0D9DEC-4F02-4DA2-AF41-38B802008F3A}.Release|x64.ActiveCfg = Release|x64
		{7F0D9DEC-4F02-4DA2-AF41-38B802008F3A}.Release|x64.Build.0 = Release|x64
		{7F0D9DEC-4F02-4DA2-AF41-38B802008F3A}.Release|x86.ActiveCfg = Release|Win32
		{7F0D9DEC-4F02-4DA2-AF41-38B802008F3A}.Release|x86.Build.0 = Release|Win32
		{06AE669C-C626-4C5A-997A-6A08178F6A5C}.Debug|x64.ActiveCfg = Debug|x64
		{06AE669C-C626-4C5A-997A-6A08178F6A5C}.Debug|x64.Build.0 = Debug|x64
		{06AE669C-C626-4C5A-997A-6A08178F6A5C}.Debug|x86.ActiveCfg = Debug|Win32
		{06AE669C-C626-4C5A-997A-6A08178F6A5C}.Debug|x86.Build.0 = Debug|Win32
		{06AE669C-C626-4C5A-997A-6A08178F6A5C}.Release|x64.ActiveCfg = Release|x64
		{06AE669C-C626-4C5A-997A-6A08178F6A5C}.Release|x64.Build.0 = Release|x64
		{06AE669C-C626-4C5A-997A-6A08178F6A5C}.Release|x86.ActiveCfg = Release|Win32
		{06AE669C-C626-4C5A-997A-6A08178F6A5C}.Release|x86.Build.0 = Release|Win32
		{9361CCAA-1EB3-4EE5-AE34-E48A66741CD4}.Debug|x64.ActiveCfg = Debug|x64
		{9361CCAA-1EB3-4EE5-AE34-E48A66741CD4}.Debug|x64.Build.0 = Debug|x64
		{9361CCAA-1EB3-4EE5-AE34-E48A66741CD4}.Debug|x86.ActiveCfg = Debug|Win32
		{9361CCAA-1EB3-4EE5-AE34-E48A66741CD4}.Debug|x86.Build.0 = Debug|Win32
		{9361CCAA-1EB3-4EE5-AE34-E48A66741CD4}.Release|x64.ActiveCfg = Release|x64
		{9361CCAA-1EB3-4EE5-AE34-E48A66741CD4}.Release|x64.Build.0 = Release|x64
		{9361CCAA-1EB3-4EE5-AE34-E48A66741CD4}.Release|x86.ActiveCfg = Release|Win32
		{9361CCAA-1EB3-4EE5-AE34-E48A66741CD4}.Release|x86.Build.0 = Release|Win32
		{563027A2-2710-47D1-9640-5C6EBEC993C7}.Debug|x64.ActiveCfg = Debug|x64
		{563027A2-2710-47D1-9640-5C6EBEC993C7}.Debug|x64.Build.0 = Debug|x64
		{563027A2-2710-47D1-9640-5C6EBEC993C7}.Debug|x86.ActiveCfg = Debug|Win32
		{563027A2-2710-47D1-9640-5C6EBEC993C7}.Debug|x86.Build.0 = Debug|Win32
		{563027A2-2710-47D1-9640-5C6EBEC993C7}.Release|x64.ActiveCfg = Release|x64
		{563027A2-2710-47D1-9640-5C6EBEC993C7}.Release|x64.Build.0 = Release|x64
		{563027A2-2710-47D1-9640-5C6EBEC993C7}.Release|x86.ActiveCfg = Release|Win32
		{563027A2-2710-47D1-9640-5C6EBEC993C7}.Release|x86.Build.0 = Release|Win32
	EndGlobalSection
	GlobalSection(SolutionProperties) = preSolution
		HideSolutionNode = FALSE
	EndGlobalSection
	GlobalSection(ExtensibilityGlobals) = postSolution
		SolutionGuid = {43B747A4-418F-4DC7-99FF-AF6F55888D2F}
	EndGlobalSection
EndGlobal
