
Microsoft Visual Studio Solution File, Format Version 12.00
# Visual Studio 15
VisualStudioVersion = 15.0.28307.1259
MinimumVisualStudioVersion = 10.0.40219.1
Project("{8BC9CEB8-8B4A-11D0-8D11-00A0C91BC942}") = "7-4", "7-4\7-4.vcxproj", "{A2BBD2CA-2204-4698-9C64-AD10EF1A3586}"
EndProject
Global
	GlobalSection(SolutionConfigurationPlatforms) = preSolution
		Debug|x64 = Debug|x64
		Debug|x86 = Debug|x86
		Release|x64 = Release|x64
		Release|x86 = Release|x86
	EndGlobalSection
	GlobalSection(ProjectConfigurationPlatforms) = postSolution
		{A2BBD2CA-2204-4698-9C64-AD10EF1A3586}.Debug|x64.ActiveCfg = Debug|x64
		{A2BBD2CA-2204-4698-9C64-AD10EF1A3586}.Debug|x64.Build.0 = Debug|x64
		{A2BBD2CA-2204-4698-9C64-AD10EF1A3586}.Debug|x86.ActiveCfg = Debug|Win32
		{A2BBD2CA-2204-4698-9C64-AD10EF1A3586}.Debug|x86.Build.0 = Debug|Win32
		{A2BBD2CA-2204-4698-9C64-AD10EF1A3586}.Release|x64.ActiveCfg = Release|x64
		{A2BBD2CA-2204-4698-9C64-AD10EF1A3586}.Release|x64.Build.0 = Release|x64
		{A2BBD2CA-2204-4698-9C64-AD10EF1A3586}.Release|x86.ActiveCfg = Release|Win32
		{A2BBD2CA-2204-4698-9C64-AD10EF1A3586}.Release|x86.Build.0 = Release|Win32
	EndGlobalSection
	GlobalSection(SolutionProperties) = preSolution
		HideSolutionNode = FALSE
	EndGlobalSection
	GlobalSection(ExtensibilityGlobals) = postSolution
		SolutionGuid = {2BAE30C5-F416-4949-BD6C-E32764E5A2F4}
	EndGlobalSection
EndGlobal
