
Microsoft Visual Studio Solution File, Format Version 12.00
# Visual Studio 15
VisualStudioVersion = 15.0.28307.1259
MinimumVisualStudioVersion = 10.0.40219.1
Project("{8BC9CEB8-8B4A-11D0-8D11-00A0C91BC942}") = "10", "10\10.vcxproj", "{8354D215-E891-42A7-81C7-3F5A22FF27E8}"
EndProject
Project("{8BC9CEB8-8B4A-11D0-8D11-00A0C91BC942}") = "10-2", "10-2\10-2.vcxproj", "{CA00B57D-C005-4D93-96C7-F77BB6B3D23E}"
EndProject
Project("{8BC9CEB8-8B4A-11D0-8D11-00A0C91BC942}") = "10-3", "10-3\10-3.vcxproj", "{E59677E9-F916-4294-A2A6-A4F67C807ED1}"
EndProject
Project("{8BC9CEB8-8B4A-11D0-8D11-00A0C91BC942}") = "9-1", "..\9-1\9-1\9-1.vcxproj", "{901C2781-A3EA-4BEC-AD44-02D927CC89E3}"
EndProject
Project("{8BC9CEB8-8B4A-11D0-8D11-00A0C91BC942}") = "10-4", "10-4\10-4.vcxproj", "{3958944D-8537-4658-94A1-B1A46E5F9200}"
EndProject
Project("{8BC9CEB8-8B4A-11D0-8D11-00A0C91BC942}") = "9-4", "..\9-1\9-4\9-4.vcxproj", "{4D29B85C-3C0C-42D6-A2A7-BE349DCAB298}"
EndProject
Project("{8BC9CEB8-8B4A-11D0-8D11-00A0C91BC942}") = "10-5", "10-5\10-5.vcxproj", "{5BB77CB4-63B4-4695-B8CC-2856F0EE5135}"
EndProject
Project("{8BC9CEB8-8B4A-11D0-8D11-00A0C91BC942}") = "10-6", "10-6\10-6.vcxproj", "{392835C7-8A21-432F-A5BA-9567FC919692}"
EndProject
Project("{8BC9CEB8-8B4A-11D0-8D11-00A0C91BC942}") = "10-7", "10-7\10-7.vcxproj", "{4F1F39B0-0665-4288-B015-02D89A51E802}"
EndProject
Project("{8BC9CEB8-8B4A-11D0-8D11-00A0C91BC942}") = "10-8", "10-8\10-8.vcxproj", "{9A99E61D-02FA-4DEA-95CC-4E63B82503FC}"
EndProject
Project("{8BC9CEB8-8B4A-11D0-8D11-00A0C91BC942}") = "10-8答案", "10-8答案\10-8答案.vcxproj", "{A668F6B3-843C-43E7-92A7-025E683F1867}"
EndProject
Global
	GlobalSection(SolutionConfigurationPlatforms) = preSolution
		Debug|x64 = Debug|x64
		Debug|x86 = Debug|x86
		Release|x64 = Release|x64
		Release|x86 = Release|x86
	EndGlobalSection
	GlobalSection(ProjectConfigurationPlatforms) = postSolution
		{8354D215-E891-42A7-81C7-3F5A22FF27E8}.Debug|x64.ActiveCfg = Debug|x64
		{8354D215-E891-42A7-81C7-3F5A22FF27E8}.Debug|x64.Build.0 = Debug|x64
		{8354D215-E891-42A7-81C7-3F5A22FF27E8}.Debug|x86.ActiveCfg = Debug|Win32
		{8354D215-E891-42A7-81C7-3F5A22FF27E8}.Debug|x86.Build.0 = Debug|Win32
		{8354D215-E891-42A7-81C7-3F5A22FF27E8}.Release|x64.ActiveCfg = Release|x64
		{8354D215-E891-42A7-81C7-3F5A22FF27E8}.Release|x64.Build.0 = Release|x64
		{8354D215-E891-42A7-81C7-3F5A22FF27E8}.Release|x86.ActiveCfg = Release|Win32
		{8354D215-E891-42A7-81C7-3F5A22FF27E8}.Release|x86.Build.0 = Release|Win32
		{CA00B57D-C005-4D93-96C7-F77BB6B3D23E}.Debug|x64.ActiveCfg = Debug|x64
		{CA00B57D-C005-4D93-96C7-F77BB6B3D23E}.Debug|x64.Build.0 = Debug|x64
		{CA00B57D-C005-4D93-96C7-F77BB6B3D23E}.Debug|x86.ActiveCfg = Debug|Win32
		{CA00B57D-C005-4D93-96C7-F77BB6B3D23E}.Debug|x86.Build.0 = Debug|Win32
		{CA00B57D-C005-4D93-96C7-F77BB6B3D23E}.Release|x64.ActiveCfg = Release|x64
		{CA00B57D-C005-4D93-96C7-F77BB6B3D23E}.Release|x64.Build.0 = Release|x64
		{CA00B57D-C005-4D93-96C7-F77BB6B3D23E}.Release|x86.ActiveCfg = Release|Win32
		{CA00B57D-C005-4D93-96C7-F77BB6B3D23E}.Release|x86.Build.0 = Release|Win32
		{E59677E9-F916-4294-A2A6-A4F67C807ED1}.Debug|x64.ActiveCfg = Debug|x64
		{E59677E9-F916-4294-A2A6-A4F67C807ED1}.Debug|x64.Build.0 = Debug|x64
		{E59677E9-F916-4294-A2A6-A4F67C807ED1}.Debug|x86.ActiveCfg = Debug|Win32
		{E59677E9-F916-4294-A2A6-A4F67C807ED1}.Debug|x86.Build.0 = Debug|Win32
		{E59677E9-F916-4294-A2A6-A4F67C807ED1}.Release|x64.ActiveCfg = Release|x64
		{E59677E9-F916-4294-A2A6-A4F67C807ED1}.Release|x64.Build.0 = Release|x64
		{E59677E9-F916-4294-A2A6-A4F67C807ED1}.Release|x86.ActiveCfg = Release|Win32
		{E59677E9-F916-4294-A2A6-A4F67C807ED1}.Release|x86.Build.0 = Release|Win32
		{901C2781-A3EA-4BEC-AD44-02D927CC89E3}.Debug|x64.ActiveCfg = Debug|x64
		{901C2781-A3EA-4BEC-AD44-02D927CC89E3}.Debug|x64.Build.0 = Debug|x64
		{901C2781-A3EA-4BEC-AD44-02D927CC89E3}.Debug|x86.ActiveCfg = Debug|Win32
		{901C2781-A3EA-4BEC-AD44-02D927CC89E3}.Debug|x86.Build.0 = Debug|Win32
		{901C2781-A3EA-4BEC-AD44-02D927CC89E3}.Release|x64.ActiveCfg = Release|x64
		{901C2781-A3EA-4BEC-AD44-02D927CC89E3}.Release|x64.Build.0 = Release|x64
		{901C2781-A3EA-4BEC-AD44-02D927CC89E3}.Release|x86.ActiveCfg = Release|Win32
		{901C2781-A3EA-4BEC-AD44-02D927CC89E3}.Release|x86.Build.0 = Release|Win32
		{3958944D-8537-4658-94A1-B1A46E5F9200}.Debug|x64.ActiveCfg = Debug|x64
		{3958944D-8537-4658-94A1-B1A46E5F9200}.Debug|x64.Build.0 = Debug|x64
		{3958944D-8537-4658-94A1-B1A46E5F9200}.Debug|x86.ActiveCfg = Debug|Win32
		{3958944D-8537-4658-94A1-B1A46E5F9200}.Debug|x86.Build.0 = Debug|Win32
		{3958944D-8537-4658-94A1-B1A46E5F9200}.Release|x64.ActiveCfg = Release|x64
		{3958944D-8537-4658-94A1-B1A46E5F9200}.Release|x64.Build.0 = Release|x64
		{3958944D-8537-4658-94A1-B1A46E5F9200}.Release|x86.ActiveCfg = Release|Win32
		{3958944D-8537-4658-94A1-B1A46E5F9200}.Release|x86.Build.0 = Release|Win32
		{4D29B85C-3C0C-42D6-A2A7-BE349DCAB298}.Debug|x64.ActiveCfg = Debug|x64
		{4D29B85C-3C0C-42D6-A2A7-BE349DCAB298}.Debug|x64.Build.0 = Debug|x64
		{4D29B85C-3C0C-42D6-A2A7-BE349DCAB298}.Debug|x86.ActiveCfg = Debug|Win32
		{4D29B85C-3C0C-42D6-A2A7-BE349DCAB298}.Debug|x86.Build.0 = Debug|Win32
		{4D29B85C-3C0C-42D6-A2A7-BE349DCAB298}.Release|x64.ActiveCfg = Release|x64
		{4D29B85C-3C0C-42D6-A2A7-BE349DCAB298}.Release|x64.Build.0 = Release|x64
		{4D29B85C-3C0C-42D6-A2A7-BE349DCAB298}.Release|x86.ActiveCfg = Release|Win32
		{4D29B85C-3C0C-42D6-A2A7-BE349DCAB298}.Release|x86.Build.0 = Release|Win32
		{5BB77CB4-63B4-4695-B8CC-2856F0EE5135}.Debug|x64.ActiveCfg = Debug|x64
		{5BB77CB4-63B4-4695-B8CC-2856F0EE5135}.Debug|x64.Build.0 = Debug|x64
		{5BB77CB4-63B4-4695-B8CC-2856F0EE5135}.Debug|x86.ActiveCfg = Debug|Win32
		{5BB77CB4-63B4-4695-B8CC-2856F0EE5135}.Debug|x86.Build.0 = Debug|Win32
		{5BB77CB4-63B4-4695-B8CC-2856F0EE5135}.Release|x64.ActiveCfg = Release|x64
		{5BB77CB4-63B4-4695-B8CC-2856F0EE5135}.Release|x64.Build.0 = Release|x64
		{5BB77CB4-63B4-4695-B8CC-2856F0EE5135}.Release|x86.ActiveCfg = Release|Win32
		{5BB77CB4-63B4-4695-B8CC-2856F0EE5135}.Release|x86.Build.0 = Release|Win32
		{392835C7-8A21-432F-A5BA-9567FC919692}.Debug|x64.ActiveCfg = Debug|x64
		{392835C7-8A21-432F-A5BA-9567FC919692}.Debug|x64.Build.0 = Debug|x64
		{392835C7-8A21-432F-A5BA-9567FC919692}.Debug|x86.ActiveCfg = Debug|Win32
		{392835C7-8A21-432F-A5BA-9567FC919692}.Debug|x86.Build.0 = Debug|Win32
		{392835C7-8A21-432F-A5BA-9567FC919692}.Release|x64.ActiveCfg = Release|x64
		{392835C7-8A21-432F-A5BA-9567FC919692}.Release|x64.Build.0 = Release|x64
		{392835C7-8A21-432F-A5BA-9567FC919692}.Release|x86.ActiveCfg = Release|Win32
		{392835C7-8A21-432F-A5BA-9567FC919692}.Release|x86.Build.0 = Release|Win32
		{4F1F39B0-0665-4288-B015-02D89A51E802}.Debug|x64.ActiveCfg = Debug|x64
		{4F1F39B0-0665-4288-B015-02D89A51E802}.Debug|x64.Build.0 = Debug|x64
		{4F1F39B0-0665-4288-B015-02D89A51E802}.Debug|x86.ActiveCfg = Debug|Win32
		{4F1F39B0-0665-4288-B015-02D89A51E802}.Debug|x86.Build.0 = Debug|Win32
		{4F1F39B0-0665-4288-B015-02D89A51E802}.Release|x64.ActiveCfg = Release|x64
		{4F1F39B0-0665-4288-B015-02D89A51E802}.Release|x64.Build.0 = Release|x64
		{4F1F39B0-0665-4288-B015-02D89A51E802}.Release|x86.ActiveCfg = Release|Win32
		{4F1F39B0-0665-4288-B015-02D89A51E802}.Release|x86.Build.0 = Release|Win32
		{9A99E61D-02FA-4DEA-95CC-4E63B82503FC}.Debug|x64.ActiveCfg = Debug|x64
		{9A99E61D-02FA-4DEA-95CC-4E63B82503FC}.Debug|x64.Build.0 = Debug|x64
		{9A99E61D-02FA-4DEA-95CC-4E63B82503FC}.Debug|x86.ActiveCfg = Debug|Win32
		{9A99E61D-02FA-4DEA-95CC-4E63B82503FC}.Debug|x86.Build.0 = Debug|Win32
		{9A99E61D-02FA-4DEA-95CC-4E63B82503FC}.Release|x64.ActiveCfg = Release|x64
		{9A99E61D-02FA-4DEA-95CC-4E63B82503FC}.Release|x64.Build.0 = Release|x64
		{9A99E61D-02FA-4DEA-95CC-4E63B82503FC}.Release|x86.ActiveCfg = Release|Win32
		{9A99E61D-02FA-4DEA-95CC-4E63B82503FC}.Release|x86.Build.0 = Release|Win32
		{A668F6B3-843C-43E7-92A7-025E683F1867}.Debug|x64.ActiveCfg = Debug|x64
		{A668F6B3-843C-43E7-92A7-025E683F1867}.Debug|x64.Build.0 = Debug|x64
		{A668F6B3-843C-43E7-92A7-025E683F1867}.Debug|x86.ActiveCfg = Debug|Win32
		{A668F6B3-843C-43E7-92A7-025E683F1867}.Debug|x86.Build.0 = Debug|Win32
		{A668F6B3-843C-43E7-92A7-025E683F1867}.Release|x64.ActiveCfg = Release|x64
		{A668F6B3-843C-43E7-92A7-025E683F1867}.Release|x64.Build.0 = Release|x64
		{A668F6B3-843C-43E7-92A7-025E683F1867}.Release|x86.ActiveCfg = Release|Win32
		{A668F6B3-843C-43E7-92A7-025E683F1867}.Release|x86.Build.0 = Release|Win32
	EndGlobalSection
	GlobalSection(SolutionProperties) = preSolution
		HideSolutionNode = FALSE
	EndGlobalSection
	GlobalSection(ExtensibilityGlobals) = postSolution
		SolutionGuid = {DA40F9E5-F2B3-4020-BB7B-5E895896CDFA}
	EndGlobalSection
EndGlobal
