
Microsoft Visual Studio Solution File, Format Version 12.00
# Visual Studio 15
VisualStudioVersion = 15.0.28307.1259
MinimumVisualStudioVersion = 10.0.40219.1
Project("{8BC9CEB8-8B4A-11D0-8D11-00A0C91BC942}") = "4-9", "4-9\4-9.vcxproj", "{CE412646-A295-4E91-B9F9-3062661F4DD4}"
EndProject
Global
	GlobalSection(SolutionConfigurationPlatforms) = preSolution
		Debug|x64 = Debug|x64
		Debug|x86 = Debug|x86
		Release|x64 = Release|x64
		Release|x86 = Release|x86
	EndGlobalSection
	GlobalSection(ProjectConfigurationPlatforms) = postSolution
		{CE412646-A295-4E91-B9F9-3062661F4DD4}.Debug|x64.ActiveCfg = Debug|x64
		{CE412646-A295-4E91-B9F9-3062661F4DD4}.Debug|x64.Build.0 = Debug|x64
		{CE412646-A295-4E91-B9F9-3062661F4DD4}.Debug|x86.ActiveCfg = Debug|Win32
		{CE412646-A295-4E91-B9F9-3062661F4DD4}.Debug|x86.Build.0 = Debug|Win32
		{CE412646-A295-4E91-B9F9-3062661F4DD4}.Release|x64.ActiveCfg = Release|x64
		{CE412646-A295-4E91-B9F9-3062661F4DD4}.Release|x64.Build.0 = Release|x64
		{CE412646-A295-4E91-B9F9-3062661F4DD4}.Release|x86.ActiveCfg = Release|Win32
		{CE412646-A295-4E91-B9F9-3062661F4DD4}.Release|x86.Build.0 = Release|Win32
	EndGlobalSection
	GlobalSection(SolutionProperties) = preSolution
		HideSolutionNode = FALSE
	EndGlobalSection
	GlobalSection(ExtensibilityGlobals) = postSolution
		SolutionGuid = {CEBC561A-78F5-468F-AF18-EB8D00184922}
	EndGlobalSection
EndGlobal
